
Microsoft Visual Studio Solution File, Format Version 12.00
# Visual Studio Version 17
VisualStudioVersion = 17.4.33122.133
MinimumVisualStudioVersion = 10.0.40219.1
Project("{8BC9CEB8-8B4A-11D0-8D11-00A0C91BC942}") = "C++ 알고리즘 노트", "C++ 알고리즘 노트\C++ 알고리즘 노트.vcxproj", "{F3FA7439-4322-4E10-ABF6-D2CE54F6CB0F}"
EndProject
Project("{8BC9CEB8-8B4A-11D0-8D11-00A0C91BC942}") = "BOJ_Practice", "BOJ_Practice\BOJ_Practice.vcxproj", "{C74FB13C-A4E3-408B-9733-42AB0F2F075B}"
EndProject
Global
	GlobalSection(SolutionConfigurationPlatforms) = preSolution
		Debug|x64 = Debug|x64
		Debug|x86 = Debug|x86
		Release|x64 = Release|x64
		Release|x86 = Release|x86
	EndGlobalSection
	GlobalSection(ProjectConfigurationPlatforms) = postSolution
		{F3FA7439-4322-4E10-ABF6-D2CE54F6CB0F}.Debug|x64.ActiveCfg = Debug|x64
		{F3FA7439-4322-4E10-ABF6-D2CE54F6CB0F}.Debug|x64.Build.0 = Debug|x64
		{F3FA7439-4322-4E10-ABF6-D2CE54F6CB0F}.Debug|x86.ActiveCfg = Debug|Win32
		{F3FA7439-4322-4E10-ABF6-D2CE54F6CB0F}.Debug|x86.Build.0 = Debug|Win32
		{F3FA7439-4322-4E10-ABF6-D2CE54F6CB0F}.Release|x64.ActiveCfg = Release|x64
		{F3FA7439-4322-4E10-ABF6-D2CE54F6CB0F}.Release|x64.Build.0 = Release|x64
		{F3FA7439-4322-4E10-ABF6-D2CE54F6CB0F}.Release|x86.ActiveCfg = Release|Win32
		{F3FA7439-4322-4E10-ABF6-D2CE54F6CB0F}.Release|x86.Build.0 = Release|Win32
		{C74FB13C-A4E3-408B-9733-42AB0F2F075B}.Debug|x64.ActiveCfg = Debug|x64
		{C74FB13C-A4E3-408B-9733-42AB0F2F075B}.Debug|x64.Build.0 = Debug|x64
		{C74FB13C-A4E3-408B-9733-42AB0F2F075B}.Debug|x86.ActiveCfg = Debug|Win32
		{C74FB13C-A4E3-408B-9733-42AB0F2F075B}.Debug|x86.Build.0 = Debug|Win32
		{C74FB13C-A4E3-408B-9733-42AB0F2F075B}.Release|x64.ActiveCfg = Release|x64
		{C74FB13C-A4E3-408B-9733-42AB0F2F075B}.Release|x64.Build.0 = Release|x64
		{C74FB13C-A4E3-408B-9733-42AB0F2F075B}.Release|x86.ActiveCfg = Release|Win32
		{C74FB13C-A4E3-408B-9733-42AB0F2F075B}.Release|x86.Build.0 = Release|Win32
	EndGlobalSection
	GlobalSection(SolutionProperties) = preSolution
		HideSolutionNode = FALSE
	EndGlobalSection
	GlobalSection(ExtensibilityGlobals) = postSolution
		SolutionGuid = {2B13E51B-D236-4AFB-9771-74E703A491A7}
	EndGlobalSection
EndGlobal
