<?xml version="1.0" encoding="utf-8"?>
<Project ToolsVersion="4.0" xmlns="http://schemas.microsoft.com/developer/msbuild/2003">
  <ItemGroup>
    <ClCompile Include="C++ 알고리즘 노트\백준문제들\Class3\BOJ 1074(분할정복,재귀).cpp" />
    <ClCompile Include="C++ 알고리즘 노트\백준문제들\Class3\BOJ 1260(BFS, DFS).cpp" />
    <ClCompile Include="C++ 알고리즘 노트\백준문제들\Class3\BOJ 1389(BFS).cpp" />
    <ClCompile Include="C++ 알고리즘 노트\백준문제들\Class3\BOJ 1389(플로이드워셜).cpp" />
    <ClCompile Include="C++ 알고리즘 노트\백준문제들\Class3\BOJ 1541(문자열).cpp" />
    <ClCompile Include="C++ 알고리즘 노트\백준문제들\Class3\BOJ 1697(BFS).cpp" />
    <ClCompile Include="C++ 알고리즘 노트\백준문제들\Class3\BOJ 1780(분할정복, 재귀).cpp" />
    <ClCompile Include="C++ 알고리즘 노트\백준문제들\Class3\BOJ 1927(우선순위큐).cpp" />
    <ClCompile Include="C++ 알고리즘 노트\백준문제들\Class3\BOJ 1931(Pair, 그리디).cpp" />
    <ClCompile Include="C++ 알고리즘 노트\백준문제들\Class3\BOJ 2630(분할정복,재귀).cpp" />
    <ClCompile Include="C++ 알고리즘 노트\백준문제들\Class3\BOJ 6064(중국인나머지정리).cpp" />
    <ClCompile Include="C++ 알고리즘 노트\백준문제들\Class3\BOJ 7576(BFS).cpp" />
    <ClCompile Include="C++ 알고리즘 노트\백준문제들\Class3\BOJ 7662(SET).cpp" />
    <ClCompile Include="C++ 알고리즘 노트\백준문제들\Class3\BOJ 11286(우선순위큐).cpp" />
    <ClCompile Include="C++ 알고리즘 노트\백준문제들\Class3\BOJ 11403(그래프,플로이드워셜).cpp" />
    <ClCompile Include="C++ 알고리즘 노트\백준문제들\Class3\BOJ 11724(BFS, DFS).cpp" />
    <ClCompile Include="C++ 알고리즘 노트\백준문제들\Class3\BOJ 11729(우선순위큐).cpp" />
    <ClCompile Include="C++ 알고리즘 노트\백준문제들\Class3\BOJ 18870(벡터중복원소제거).cpp" />
    <ClCompile Include="C++ 알고리즘 노트\코드들\기본C++세팅 코드.cpp" />
  </ItemGroup>
  <ItemGroup>
    <Text Include="C++ 알고리즘 노트\정리들\DFS BFS.txt" />
    <Text Include="C++ 알고리즘 노트\정리들\lower_bound,upper_bound.txt" />
    <Text Include="C++ 알고리즘 노트\정리들\map.txt" />
    <Text Include="C++ 알고리즘 노트\정리들\pair.txt" />
    <Text Include="C++ 알고리즘 노트\정리들\queue.txt" />
    <Text Include="C++ 알고리즘 노트\정리들\set.txt" />
    <Text Include="C++ 알고리즘 노트\정리들\sstream.txt" />
    <Text Include="C++ 알고리즘 노트\정리들\string.txt" />
    <Text Include="C++ 알고리즘 노트\정리들\vector.txt" />
    <Text Include="C++ 알고리즘 노트\정리들\배열.txt" />
    <Text Include="C++ 알고리즘 노트\정리들\상수, 변수 선언.txt" />
    <Text Include="C++ 알고리즘 노트\정리들\아스키코드.txt" />
    <Text Include="C++ 알고리즘 노트\정리들\에라스토테네스의 체.txt" />
    <Text Include="C++ 알고리즘 노트\정리들\유용한 단축키.txt" />
    <Text Include="C++ 알고리즘 노트\정리들\이진수, 십진수.txt" />
    <Text Include="C++ 알고리즘 노트\정리들\이진탐색.txt" />
    <Text Include="C++ 알고리즘 노트\정리들\입출력.txt" />
    <Text Include="C++ 알고리즘 노트\정리들\최대공약수,최소공배수.txt" />
    <Text Include="C++ 알고리즘 노트\정리들\플로이드워셜.txt" />
    <Text Include="C++ 알고리즘 노트\정리들\헤더.txt" />
  </ItemGroup>
  <ItemGroup>
    <None Include="C++ 알고리즘 노트\파이썬 알고리즘노트예시\Algorithm\bfs.py" />
    <None Include="C++ 알고리즘 노트\파이썬 알고리즘노트예시\Algorithm\dfs.py" />
    <None Include="C++ 알고리즘 노트\파이썬 알고리즘노트예시\Algorithm\dijkstra.py" />
    <None Include="C++ 알고리즘 노트\파이썬 알고리즘노트예시\Algorithm\flloyd-warshall.py" />
    <None Include="C++ 알고리즘 노트\파이썬 알고리즘노트예시\Algorithm\prim.py" />
    <None Include="C++ 알고리즘 노트\파이썬 알고리즘노트예시\Data Structure\비선형\그래프\최단 경로 문제\Shortest_path.py" />
    <None Include="C++ 알고리즘 노트\파이썬 알고리즘노트예시\Data Structure\비선형\그래프\트리\Tree.py" />
    <None Include="C++ 알고리즘 노트\파이썬 알고리즘노트예시\Data Structure\비선형\그래프\트리\트라이\Trie.py" />
    <None Include="C++ 알고리즘 노트\파이썬 알고리즘노트예시\Data Structure\비선형\그래프\트리\힙\Heap.py" />
    <None Include="C++ 알고리즘 노트\파이썬 알고리즘노트예시\Data Structure\비선형\그래프\graph.py" />
    <None Include="C++ 알고리즘 노트\파이썬 알고리즘노트예시\Data Structure\선형\데크, 우선 순위 큐\Deque.py" />
    <None Include="C++ 알고리즘 노트\파이썬 알고리즘노트예시\Data Structure\선형\데크, 우선 순위 큐\Priority_queue.py" />
    <None Include="C++ 알고리즘 노트\파이썬 알고리즘노트예시\Data Structure\선형\연결 리스트\Linked_list.py" />
    <None Include="C++ 알고리즘 노트\파이썬 알고리즘노트예시\Data Structure\선형\스택, 큐\Queue.py" />
    <None Include="C++ 알고리즘 노트\파이썬 알고리즘노트예시\Data Structure\선형\스택, 큐\Stack.py" />
    <None Include="C++ 알고리즘 노트\파이썬 알고리즘노트예시\Data Structure\선형\배열\Array.py" />
    <None Include="C++ 알고리즘 노트\파이썬 알고리즘노트예시\Data Structure\선형\해시 테이블\Hash_table.py" />
  </ItemGroup>
</Project>