<?xml version="1.0" encoding="utf-8"?>
<Project ToolsVersion="4.0" xmlns="http://schemas.microsoft.com/developer/msbuild/2003">
  <ItemGroup>
    <Filter Include="Bronze3">
      <UniqueIdentifier>{93995380-89BD-4b04-88EB-625FBE52EBFB}</UniqueIdentifier>
      <Extensions>h;hh;hpp;hxx;h++;hm;inl;inc;ipp;xsd</Extensions>
    </Filter>
    <Filter Include="Class3">
      <UniqueIdentifier>{62ff7b7f-c4a5-4702-80e7-8c5a3ae52cfa}</UniqueIdentifier>
    </Filter>
  </ItemGroup>
  <ItemGroup>
    <ClCompile Include="Class3\BOJ 1260%28BFS, DFS%29.cpp">
      <Filter>Class3</Filter>
    </ClCompile>
    <ClCompile Include="Class3\BOJ 1927%28우선순위큐%29.cpp">
      <Filter>Class3</Filter>
    </ClCompile>
    <ClCompile Include="Class3\BOJ 1074(분할정복,재귀).cpp">
      <Filter>Class3</Filter>
    </ClCompile>
    <ClCompile Include="Class3\BOJ 2630%28분할정복,재귀%29.cpp">
      <Filter>Class3</Filter>
    </ClCompile>
    <ClCompile Include="Class3\BOJ 11724%28BFS, DFS%29.cpp">
      <Filter>Class3</Filter>
    </ClCompile>
    <ClCompile Include="Class3\BOJ 11729%28우선순위큐%29.cpp">
      <Filter>Class3</Filter>
    </ClCompile>
    <ClCompile Include="Class3\BOJ 18870(벡터중복원소제거).cpp">
      <Filter>Class3</Filter>
    </ClCompile>
    <ClCompile Include="Class3\BOJ 1541%28문자열%29.cpp">
      <Filter>Class3</Filter>
    </ClCompile>
    <ClCompile Include="Class3\BOJ 1697(BFS).cpp">
      <Filter>Class3</Filter>
    </ClCompile>
    <ClCompile Include="Class3\BOJ 1780(분할정복, 재귀).cpp" />
  </ItemGroup>
</Project>