<?xml version="1.0" encoding="utf-8"?>
<Project ToolsVersion="4.0" xmlns="http://schemas.microsoft.com/developer/msbuild/2003">
  <ItemGroup>
    <Filter Include="Bronze3">
      <UniqueIdentifier>{93995380-89BD-4b04-88EB-625FBE52EBFB}</UniqueIdentifier>
      <Extensions>h;hh;hpp;hxx;h++;hm;inl;inc;ipp;xsd</Extensions>
    </Filter>
    <Filter Include="Class3">
      <UniqueIdentifier>{62ff7b7f-c4a5-4702-80e7-8c5a3ae52cfa}</UniqueIdentifier>
    </Filter>
  </ItemGroup>
  <ItemGroup>
    <ClCompile Include="Class3\BOJ 1260.cpp">
      <Filter>Class3</Filter>
    </ClCompile>
    <ClCompile Include="Bronze3\BOJ 2991.cpp">
      <Filter>Bronze3</Filter>
    </ClCompile>
    <ClCompile Include="Bronze3\BOJ 15780.cpp" />
  </ItemGroup>
</Project>