<?xml version="1.0" encoding="utf-8"?>
<Project ToolsVersion="4.0" xmlns="http://schemas.microsoft.com/developer/msbuild/2003">
  <ItemGroup>
    <Filter Include="코드">
      <UniqueIdentifier>{a90321e6-3481-4ef8-a0ee-ecd1ae13f55e}</UniqueIdentifier>
    </Filter>
    <Filter Include="백준문제">
      <UniqueIdentifier>{bce86f5c-9e4e-495b-aef1-ebca1de0775f}</UniqueIdentifier>
    </Filter>
    <Filter Include="꿀팁">
      <UniqueIdentifier>{8dbe5881-74f1-4c95-9fa5-f7d018502e3a}</UniqueIdentifier>
    </Filter>
    <Filter Include="백준문제\Class2">
      <UniqueIdentifier>{9970978e-789c-4935-bcd5-55000f975c24}</UniqueIdentifier>
    </Filter>
    <Filter Include="백준문제\Class3">
      <UniqueIdentifier>{852f01cc-8d28-467f-b8aa-e838c782fa8c}</UniqueIdentifier>
    </Filter>
    <Filter Include="백준문제\Class4">
      <UniqueIdentifier>{1dedb5fc-9d4a-4604-8067-1df55b0d68b3}</UniqueIdentifier>
    </Filter>
    <Filter Include="파이썬 알고리즘노트예시">
      <UniqueIdentifier>{e6618d93-63d9-4914-8397-a295f8f8c180}</UniqueIdentifier>
    </Filter>
    <Filter Include="파이썬 알고리즘노트예시\Algorithm">
      <UniqueIdentifier>{77fc43b7-245b-4537-85fa-8dcc95326fb5}</UniqueIdentifier>
    </Filter>
    <Filter Include="파이썬 알고리즘노트예시\Data Structure">
      <UniqueIdentifier>{97646dc9-ecfb-4214-b8c5-005578ce2ea1}</UniqueIdentifier>
    </Filter>
    <Filter Include="파이썬 알고리즘노트예시\Data Structure\선형">
      <UniqueIdentifier>{676688cc-0b7b-4b4f-be4b-7e5565e3a1d0}</UniqueIdentifier>
    </Filter>
    <Filter Include="파이썬 알고리즘노트예시\Data Structure\비선형">
      <UniqueIdentifier>{9733d72b-92d8-404a-af65-e2c14f1b6285}</UniqueIdentifier>
    </Filter>
    <Filter Include="파이썬 알고리즘노트예시\Data Structure\비선형\그래프">
      <UniqueIdentifier>{210a393a-e5d9-42dc-8a42-22fd97e38536}</UniqueIdentifier>
    </Filter>
    <Filter Include="파이썬 알고리즘노트예시\Data Structure\비선형\그래프\최단경로문제">
      <UniqueIdentifier>{f671ba8d-7b86-48a6-8019-9f9626ea9b46}</UniqueIdentifier>
    </Filter>
    <Filter Include="파이썬 알고리즘노트예시\Data Structure\비선형\그래프\트리">
      <UniqueIdentifier>{5c7649f0-8cb7-4357-9c17-1181523912c2}</UniqueIdentifier>
    </Filter>
    <Filter Include="파이썬 알고리즘노트예시\Data Structure\비선형\그래프\트리\트라이">
      <UniqueIdentifier>{66edd9fa-d129-4ef9-99b5-af9d05482b45}</UniqueIdentifier>
    </Filter>
    <Filter Include="파이썬 알고리즘노트예시\Data Structure\비선형\그래프\트리\힙">
      <UniqueIdentifier>{386ce325-2c71-4957-86bd-4f3aac26a529}</UniqueIdentifier>
    </Filter>
    <Filter Include="파이썬 알고리즘노트예시\Data Structure\선형\데크, 우선 순위 큐">
      <UniqueIdentifier>{26109b3d-da04-48ad-9dce-a0639c6de5c8}</UniqueIdentifier>
    </Filter>
    <Filter Include="파이썬 알고리즘노트예시\Data Structure\선형\배열">
      <UniqueIdentifier>{7bf0d822-1423-47a1-91fe-0e0ef74adf86}</UniqueIdentifier>
    </Filter>
    <Filter Include="파이썬 알고리즘노트예시\Data Structure\선형\스택, 큐">
      <UniqueIdentifier>{134ca8ae-89e7-4994-b5fb-6ea2c782eed1}</UniqueIdentifier>
    </Filter>
    <Filter Include="파이썬 알고리즘노트예시\Data Structure\선형\연결 리스트">
      <UniqueIdentifier>{1540b684-85fa-4e5b-a24b-2de7011555e1}</UniqueIdentifier>
    </Filter>
    <Filter Include="파이썬 알고리즘노트예시\Data Structure\선형\해시 테이블">
      <UniqueIdentifier>{227241b0-ce15-4df0-8199-50c021741c8f}</UniqueIdentifier>
    </Filter>
  </ItemGroup>
  <ItemGroup>
    <ClCompile Include="코드들\기본C++세팅 코드.cpp">
      <Filter>코드</Filter>
    </ClCompile>
    <ClCompile Include="백준문제들\Class3\BOJ 1074(분할정복,재귀).cpp">
      <Filter>백준문제\Class3</Filter>
    </ClCompile>
    <ClCompile Include="백준문제들\Class3\BOJ 1260(BFS, DFS).cpp">
      <Filter>백준문제\Class3</Filter>
    </ClCompile>
    <ClCompile Include="백준문제들\Class3\BOJ 1389(BFS).cpp">
      <Filter>백준문제\Class3</Filter>
    </ClCompile>
    <ClCompile Include="백준문제들\Class3\BOJ 1389(플로이드워셜).cpp">
      <Filter>백준문제\Class3</Filter>
    </ClCompile>
    <ClCompile Include="백준문제들\Class3\BOJ 1541(문자열).cpp">
      <Filter>백준문제\Class3</Filter>
    </ClCompile>
    <ClCompile Include="백준문제들\Class3\BOJ 1697(BFS).cpp">
      <Filter>백준문제\Class3</Filter>
    </ClCompile>
    <ClCompile Include="백준문제들\Class3\BOJ 1780(분할정복, 재귀).cpp">
      <Filter>백준문제\Class3</Filter>
    </ClCompile>
    <ClCompile Include="백준문제들\Class3\BOJ 1927(우선순위큐).cpp">
      <Filter>백준문제\Class3</Filter>
    </ClCompile>
    <ClCompile Include="백준문제들\Class3\BOJ 1931(Pair, 그리디).cpp">
      <Filter>백준문제\Class3</Filter>
    </ClCompile>
    <ClCompile Include="백준문제들\Class3\BOJ 2630(분할정복,재귀).cpp">
      <Filter>백준문제\Class3</Filter>
    </ClCompile>
    <ClCompile Include="백준문제들\Class3\BOJ 6064(중국인나머지정리).cpp">
      <Filter>백준문제\Class3</Filter>
    </ClCompile>
    <ClCompile Include="백준문제들\Class3\BOJ 7576(BFS).cpp">
      <Filter>백준문제\Class3</Filter>
    </ClCompile>
    <ClCompile Include="백준문제들\Class3\BOJ 7662(SET).cpp">
      <Filter>백준문제\Class3</Filter>
    </ClCompile>
    <ClCompile Include="백준문제들\Class3\BOJ 11286(우선순위큐).cpp">
      <Filter>백준문제\Class3</Filter>
    </ClCompile>
    <ClCompile Include="백준문제들\Class3\BOJ 11403(그래프,플로이드워셜).cpp">
      <Filter>백준문제\Class3</Filter>
    </ClCompile>
    <ClCompile Include="백준문제들\Class3\BOJ 11724(BFS, DFS).cpp">
      <Filter>백준문제\Class3</Filter>
    </ClCompile>
    <ClCompile Include="백준문제들\Class3\BOJ 11729(우선순위큐).cpp">
      <Filter>백준문제\Class3</Filter>
    </ClCompile>
    <ClCompile Include="백준문제들\Class3\BOJ 18870(벡터중복원소제거).cpp">
      <Filter>백준문제\Class3</Filter>
    </ClCompile>
  </ItemGroup>
  <ItemGroup>
    <Text Include="꿀팁들\DFS BFS.txt">
      <Filter>꿀팁</Filter>
    </Text>
    <Text Include="꿀팁들\lower_bound,upper_bound.txt">
      <Filter>꿀팁</Filter>
    </Text>
    <Text Include="꿀팁들\map.txt">
      <Filter>꿀팁</Filter>
    </Text>
    <Text Include="꿀팁들\pair.txt">
      <Filter>꿀팁</Filter>
    </Text>
    <Text Include="꿀팁들\queue.txt">
      <Filter>꿀팁</Filter>
    </Text>
    <Text Include="꿀팁들\set.txt">
      <Filter>꿀팁</Filter>
    </Text>
    <Text Include="꿀팁들\sstream.txt">
      <Filter>꿀팁</Filter>
    </Text>
    <Text Include="꿀팁들\string.txt">
      <Filter>꿀팁</Filter>
    </Text>
    <Text Include="꿀팁들\vector.txt">
      <Filter>꿀팁</Filter>
    </Text>
    <Text Include="꿀팁들\배열.txt">
      <Filter>꿀팁</Filter>
    </Text>
    <Text Include="꿀팁들\상수, 변수 선언.txt">
      <Filter>꿀팁</Filter>
    </Text>
    <Text Include="꿀팁들\아스키코드.txt">
      <Filter>꿀팁</Filter>
    </Text>
    <Text Include="꿀팁들\에라스토테네스의 체.txt">
      <Filter>꿀팁</Filter>
    </Text>
    <Text Include="꿀팁들\유용한 단축키.txt">
      <Filter>꿀팁</Filter>
    </Text>
    <Text Include="꿀팁들\이진수, 십진수.txt">
      <Filter>꿀팁</Filter>
    </Text>
    <Text Include="꿀팁들\이진탐색.txt">
      <Filter>꿀팁</Filter>
    </Text>
    <Text Include="꿀팁들\입출력.txt">
      <Filter>꿀팁</Filter>
    </Text>
    <Text Include="꿀팁들\최대공약수,최소공배수.txt">
      <Filter>꿀팁</Filter>
    </Text>
    <Text Include="꿀팁들\플로이드워셜.txt">
      <Filter>꿀팁</Filter>
    </Text>
    <Text Include="꿀팁들\헤더.txt">
      <Filter>꿀팁</Filter>
    </Text>
  </ItemGroup>
  <ItemGroup>
    <None Include="파이썬 알고리즘노트예시\Algorithm\bfs.py">
      <Filter>파이썬 알고리즘노트예시\Algorithm</Filter>
    </None>
    <None Include="파이썬 알고리즘노트예시\Algorithm\dfs.py">
      <Filter>파이썬 알고리즘노트예시\Algorithm</Filter>
    </None>
    <None Include="파이썬 알고리즘노트예시\Algorithm\dijkstra.py">
      <Filter>파이썬 알고리즘노트예시\Algorithm</Filter>
    </None>
    <None Include="파이썬 알고리즘노트예시\Algorithm\flloyd-warshall.py">
      <Filter>파이썬 알고리즘노트예시\Algorithm</Filter>
    </None>
    <None Include="파이썬 알고리즘노트예시\Algorithm\prim.py">
      <Filter>파이썬 알고리즘노트예시\Algorithm</Filter>
    </None>
    <None Include="파이썬 알고리즘노트예시\Data Structure\비선형\그래프\graph.py">
      <Filter>파이썬 알고리즘노트예시\Data Structure\비선형\그래프</Filter>
    </None>
    <None Include="파이썬 알고리즘노트예시\Data Structure\비선형\그래프\최단 경로 문제\Shortest_path.py">
      <Filter>파이썬 알고리즘노트예시\Data Structure\비선형\그래프\최단경로문제</Filter>
    </None>
    <None Include="파이썬 알고리즘노트예시\Data Structure\비선형\그래프\트리\Tree.py">
      <Filter>파이썬 알고리즘노트예시\Data Structure\비선형\그래프\트리</Filter>
    </None>
    <None Include="파이썬 알고리즘노트예시\Data Structure\비선형\그래프\트리\힙\Heap.py">
      <Filter>파이썬 알고리즘노트예시\Data Structure\비선형\그래프\트리\힙</Filter>
    </None>
    <None Include="파이썬 알고리즘노트예시\Data Structure\비선형\그래프\트리\트라이\Trie.py">
      <Filter>파이썬 알고리즘노트예시\Data Structure\비선형\그래프\트리\트라이</Filter>
    </None>
  </ItemGroup>
</Project>